{
  "originHash" : "0356454364dfb158416ae2c5ebb65489e23c36f3d0d4063f60517188031658d7",
  "pins" : [
    {
      "identity" : "deltille",
      "kind" : "remoteSourceControl",
      "location" : "git@github.com:zilmarinen/Deltille.git",
      "state" : {
        "branch" : "main",
        "revision" : "1e2dfe7b1517ede73c8109c6a40815a2ea436322"
      }
    },
    {
      "identity" : "euclid",
      "kind" : "remoteSourceControl",
      "location" : "git@github.com:nicklockwood/Euclid.git",
      "state" : {
        "branch" : "main",
        "revision" : "1aeb8a7c36c22d31c74d4bd2c7e4529e3d43c097"
      }
    }
  ],
  "version" : 3
}
